{
  "name": "@dafenxz0/skillproof",
  "version": "1.0.0",
  "lockfileVersion": 3,
  "requires": true,
  "packages": {
    "": {
      "name": "@dafenxz0/skillproof",
      "version": "1.0.0",
      "license": "MIT",
      "bin": {
        "skillproof": "bin/skillproof.js"
      },
      "engines": {
        "node": ">=20"
      }
    }
  }
}
